
Microsoft Visual Studio Solution File, Format Version 12.00
# Visual Studio Version 17
VisualStudioVersion = 17.0.31717.71
MinimumVisualStudioVersion = 10.0.40219.1
Project("{9A19103F-16F7-4668-BE54-9A1E7A4F7556}") = "Cloud-databases", "Cloud-databases\Cloud-databases.csproj", "{76BF8E87-0EDF-4185-8596-F5D10D17DB96}"
EndProject
Project("{9A19103F-16F7-4668-BE54-9A1E7A4F7556}") = "DAL", "DAL\DAL.csproj", "{525F12B4-8DFB-454B-812E-C8BF324AAA8E}"
EndProject
Project("{9A19103F-16F7-4668-BE54-9A1E7A4F7556}") = "Models", "Models\Models.csproj", "{DADA8C9E-B032-4C77-BCA6-C90A88B059F2}"
EndProject
Project("{9A19103F-16F7-4668-BE54-9A1E7A4F7556}") = "Service", "Service\Service.csproj", "{93037F31-E2F6-466A-AE14-F5DAE59CDDA2}"
EndProject
Global
	GlobalSection(SolutionConfigurationPlatforms) = preSolution
		Debug|Any CPU = Debug|Any CPU
		Release|Any CPU = Release|Any CPU
	EndGlobalSection
	GlobalSection(ProjectConfigurationPlatforms) = postSolution
		{76BF8E87-0EDF-4185-8596-F5D10D17DB96}.Debug|Any CPU.ActiveCfg = Debug|Any CPU
		{76BF8E87-0EDF-4185-8596-F5D10D17DB96}.Debug|Any CPU.Build.0 = Debug|Any CPU
		{76BF8E87-0EDF-4185-8596-F5D10D17DB96}.Release|Any CPU.ActiveCfg = Release|Any CPU
		{76BF8E87-0EDF-4185-8596-F5D10D17DB96}.Release|Any CPU.Build.0 = Release|Any CPU
		{525F12B4-8DFB-454B-812E-C8BF324AAA8E}.Debug|Any CPU.ActiveCfg = Debug|Any CPU
		{525F12B4-8DFB-454B-812E-C8BF324AAA8E}.Debug|Any CPU.Build.0 = Debug|Any CPU
		{525F12B4-8DFB-454B-812E-C8BF324AAA8E}.Release|Any CPU.ActiveCfg = Release|Any CPU
		{525F12B4-8DFB-454B-812E-C8BF324AAA8E}.Release|Any CPU.Build.0 = Release|Any CPU
		{DADA8C9E-B032-4C77-BCA6-C90A88B059F2}.Debug|Any CPU.ActiveCfg = Debug|Any CPU
		{DADA8C9E-B032-4C77-BCA6-C90A88B059F2}.Debug|Any CPU.Build.0 = Debug|Any CPU
		{DADA8C9E-B032-4C77-BCA6-C90A88B059F2}.Release|Any CPU.ActiveCfg = Release|Any CPU
		{DADA8C9E-B032-4C77-BCA6-C90A88B059F2}.Release|Any CPU.Build.0 = Release|Any CPU
		{93037F31-E2F6-466A-AE14-F5DAE59CDDA2}.Debug|Any CPU.ActiveCfg = Debug|Any CPU
		{93037F31-E2F6-466A-AE14-F5DAE59CDDA2}.Debug|Any CPU.Build.0 = Debug|Any CPU
		{93037F31-E2F6-466A-AE14-F5DAE59CDDA2}.Release|Any CPU.ActiveCfg = Release|Any CPU
		{93037F31-E2F6-466A-AE14-F5DAE59CDDA2}.Release|Any CPU.Build.0 = Release|Any CPU
	EndGlobalSection
	GlobalSection(SolutionProperties) = preSolution
		HideSolutionNode = FALSE
	EndGlobalSection
	GlobalSection(ExtensibilityGlobals) = postSolution
		SolutionGuid = {9D3475E2-1A2C-49B6-8444-CD447778B110}
	EndGlobalSection
EndGlobal
